
Microsoft Visual Studio Solution File, Format Version 12.00
# Visual Studio 15
VisualStudioVersion = 15.0.28307.1525
MinimumVisualStudioVersion = 10.0.40219.1
Project("{FAE04EC0-301F-11D3-BF4B-00C04F79EFBC}") = "11FileInfo", "11FileInfo\11FileInfo.csproj", "{AFC3D35B-1C7D-42E8-84B6-DFCE9FA48E2B}"
EndProject
Global
	GlobalSection(SolutionConfigurationPlatforms) = preSolution
		Debug|Any CPU = Debug|Any CPU
		Release|Any CPU = Release|Any CPU
	EndGlobalSection
	GlobalSection(ProjectConfigurationPlatforms) = postSolution
		{AFC3D35B-1C7D-42E8-84B6-DFCE9FA48E2B}.Debug|Any CPU.ActiveCfg = Debug|Any CPU
		{AFC3D35B-1C7D-42E8-84B6-DFCE9FA48E2B}.Debug|Any CPU.Build.0 = Debug|Any CPU
		{AFC3D35B-1C7D-42E8-84B6-DFCE9FA48E2B}.Release|Any CPU.ActiveCfg = Release|Any CPU
		{AFC3D35B-1C7D-42E8-84B6-DFCE9FA48E2B}.Release|Any CPU.Build.0 = Release|Any CPU
	EndGlobalSection
	GlobalSection(SolutionProperties) = preSolution
		HideSolutionNode = FALSE
	EndGlobalSection
	GlobalSection(ExtensibilityGlobals) = postSolution
		SolutionGuid = {C463C222-3A4D-40FD-AD73-0A54C9A79EF7}
	EndGlobalSection
EndGlobal
