
Microsoft Visual Studio Solution File, Format Version 12.00
# Visual Studio 15
VisualStudioVersion = 15.0.28307.1525
MinimumVisualStudioVersion = 10.0.40219.1
Project("{FAE04EC0-301F-11D3-BF4B-00C04F79EFBC}") = "13InterfazSegregation", "13InterfazSegregation\13InterfazSegregation.csproj", "{EBD9DF2F-9F19-4446-8623-C9FD38E43FA5}"
EndProject
Global
	GlobalSection(SolutionConfigurationPlatforms) = preSolution
		Debug|Any CPU = Debug|Any CPU
		Release|Any CPU = Release|Any CPU
	EndGlobalSection
	GlobalSection(ProjectConfigurationPlatforms) = postSolution
		{EBD9DF2F-9F19-4446-8623-C9FD38E43FA5}.Debug|Any CPU.ActiveCfg = Debug|Any CPU
		{EBD9DF2F-9F19-4446-8623-C9FD38E43FA5}.Debug|Any CPU.Build.0 = Debug|Any CPU
		{EBD9DF2F-9F19-4446-8623-C9FD38E43FA5}.Release|Any CPU.ActiveCfg = Release|Any CPU
		{EBD9DF2F-9F19-4446-8623-C9FD38E43FA5}.Release|Any CPU.Build.0 = Release|Any CPU
	EndGlobalSection
	GlobalSection(SolutionProperties) = preSolution
		HideSolutionNode = FALSE
	EndGlobalSection
	GlobalSection(ExtensibilityGlobals) = postSolution
		SolutionGuid = {5F5ACFF9-9016-410F-95D4-D9654F222D9F}
	EndGlobalSection
EndGlobal
